
Microsoft Visual Studio Solution File, Format Version 12.00
# Visual Studio 15
VisualStudioVersion = 15.0.28307.645
MinimumVisualStudioVersion = 10.0.40219.1
Project("{FAE04EC0-301F-11D3-BF4B-00C04F79EFBC}") = "Week1Opdracht1", "Week1\Week1Opdracht1.csproj", "{697065CB-98D3-4D79-8805-5F7C0DE39443}"
EndProject
Project("{FAE04EC0-301F-11D3-BF4B-00C04F79EFBC}") = "Week1Opdracht2", "Opdracht2\Week1Opdracht2.csproj", "{6E2ED1A7-D17D-400F-99A3-A102E7372051}"
EndProject
Project("{FAE04EC0-301F-11D3-BF4B-00C04F79EFBC}") = "Week1Opdracht3", "Opdracht3\Week1Opdracht3.csproj", "{2EE09FCA-872B-4EE0-80B0-EBEB5F2F8814}"
EndProject
Project("{FAE04EC0-301F-11D3-BF4B-00C04F79EFBC}") = "Week2Opdracht1", "Week2Opdracht1\Week2Opdracht1.csproj", "{044510F3-4232-4C3E-9A91-A35A370C39B7}"
EndProject
Project("{FAE04EC0-301F-11D3-BF4B-00C04F79EFBC}") = "Week2Opdracht2", "Week2Opdracht2\Week2Opdracht2.csproj", "{04311B29-2B38-4551-A4EE-8E299AC35219}"
EndProject
Global
	GlobalSection(SolutionConfigurationPlatforms) = preSolution
		Debug|Any CPU = Debug|Any CPU
		Release|Any CPU = Release|Any CPU
	EndGlobalSection
	GlobalSection(ProjectConfigurationPlatforms) = postSolution
		{697065CB-98D3-4D79-8805-5F7C0DE39443}.Debug|Any CPU.ActiveCfg = Debug|Any CPU
		{697065CB-98D3-4D79-8805-5F7C0DE39443}.Debug|Any CPU.Build.0 = Debug|Any CPU
		{697065CB-98D3-4D79-8805-5F7C0DE39443}.Release|Any CPU.ActiveCfg = Release|Any CPU
		{697065CB-98D3-4D79-8805-5F7C0DE39443}.Release|Any CPU.Build.0 = Release|Any CPU
		{6E2ED1A7-D17D-400F-99A3-A102E7372051}.Debug|Any CPU.ActiveCfg = Debug|Any CPU
		{6E2ED1A7-D17D-400F-99A3-A102E7372051}.Debug|Any CPU.Build.0 = Debug|Any CPU
		{6E2ED1A7-D17D-400F-99A3-A102E7372051}.Release|Any CPU.ActiveCfg = Release|Any CPU
		{6E2ED1A7-D17D-400F-99A3-A102E7372051}.Release|Any CPU.Build.0 = Release|Any CPU
		{2EE09FCA-872B-4EE0-80B0-EBEB5F2F8814}.Debug|Any CPU.ActiveCfg = Debug|Any CPU
		{2EE09FCA-872B-4EE0-80B0-EBEB5F2F8814}.Debug|Any CPU.Build.0 = Debug|Any CPU
		{2EE09FCA-872B-4EE0-80B0-EBEB5F2F8814}.Release|Any CPU.ActiveCfg = Release|Any CPU
		{2EE09FCA-872B-4EE0-80B0-EBEB5F2F8814}.Release|Any CPU.Build.0 = Release|Any CPU
		{044510F3-4232-4C3E-9A91-A35A370C39B7}.Debug|Any CPU.ActiveCfg = Debug|Any CPU
		{044510F3-4232-4C3E-9A91-A35A370C39B7}.Debug|Any CPU.Build.0 = Debug|Any CPU
		{044510F3-4232-4C3E-9A91-A35A370C39B7}.Release|Any CPU.ActiveCfg = Release|Any CPU
		{044510F3-4232-4C3E-9A91-A35A370C39B7}.Release|Any CPU.Build.0 = Release|Any CPU
		{04311B29-2B38-4551-A4EE-8E299AC35219}.Debug|Any CPU.ActiveCfg = Debug|Any CPU
		{04311B29-2B38-4551-A4EE-8E299AC35219}.Debug|Any CPU.Build.0 = Debug|Any CPU
		{04311B29-2B38-4551-A4EE-8E299AC35219}.Release|Any CPU.ActiveCfg = Release|Any CPU
		{04311B29-2B38-4551-A4EE-8E299AC35219}.Release|Any CPU.Build.0 = Release|Any CPU
	EndGlobalSection
	GlobalSection(SolutionProperties) = preSolution
		HideSolutionNode = FALSE
	EndGlobalSection
	GlobalSection(ExtensibilityGlobals) = postSolution
		SolutionGuid = {963A2D14-F515-464A-A2A8-AF15F38F9C3F}
	EndGlobalSection
EndGlobal
